
Microsoft Visual Studio Solution File, Format Version 12.00
# Visual Studio Version 16
VisualStudioVersion = 16.0.33927.289
MinimumVisualStudioVersion = 10.0.40219.1
Project("{FAE04EC0-301F-11D3-BF4B-00C04F79EFBC}") = "asp.net_task3", "asp.net_task3.csproj", "{B650D7D9-59AB-4DA1-ACB7-22FC10647A16}"
EndProject
Global
	GlobalSection(SolutionConfigurationPlatforms) = preSolution
		Debug|Any CPU = Debug|Any CPU
		Release|Any CPU = Release|Any CPU
	EndGlobalSection
	GlobalSection(ProjectConfigurationPlatforms) = postSolution
		{B650D7D9-59AB-4DA1-ACB7-22FC10647A16}.Debug|Any CPU.ActiveCfg = Debug|Any CPU
		{B650D7D9-59AB-4DA1-ACB7-22FC10647A16}.Debug|Any CPU.Build.0 = Debug|Any CPU
		{B650D7D9-59AB-4DA1-ACB7-22FC10647A16}.Release|Any CPU.ActiveCfg = Release|Any CPU
		{B650D7D9-59AB-4DA1-ACB7-22FC10647A16}.Release|Any CPU.Build.0 = Release|Any CPU
	EndGlobalSection
	GlobalSection(SolutionProperties) = preSolution
		HideSolutionNode = FALSE
	EndGlobalSection
	GlobalSection(ExtensibilityGlobals) = postSolution
		SolutionGuid = {6B0416A4-F8CA-496D-BD22-225B62B27E4C}
	EndGlobalSection
EndGlobal
